github.com/patrickmn/go-cache v2.1.0+incompatible h1:HRMgzkcYKYpi3C8ajMPV8OFXaaRUnok+kx1WdO15EQc=
github.com/patrickmn/go-cache v2.1.0+incompatible/go.mod h1:3Qf8kWWT7OJRJbdiICTKqZju1ZixQ/KpMGzzAfe6+WQ=
github.com/rainycape/memcache v0.0.0-20150622160815-1031fa0ce2f2 h1:dq90+d51/hQRaHEqRAsQ1rE/pC1GUS4sc2rCbbFsAIY=
github.com/rainycape/memcache v0.0.0-20150622160815-1031fa0ce2f2/go.mod h1:7tZKcyumwBO6qip7RNQ5r77yrssm9bfCowcLEBcU5IA=
github.com/zpnk/go-bitly v0.0.0-20170609220507-2da97f724d1d h1:X7tuEROt+fj3yg5hHtjRytKP3Hkm5ypIYQWhpxnS0MI=
github.com/zpnk/go-bitly v0.0.0-20170609220507-2da97f724d1d/go.mod h1:MsGXem1Wao63qswahP7pi9TsQRAqljt6rfDqlmxQiK4=
